dependencies:
- name: elasticsearch
  repository: https://artifactory.galleon.c.statestr.com/artifactory/helm-test-v
  version: 1.30.0
- name: kibana
  repository: https://artifactory.galleon.c.statestr.com/artifactory/helm-test-v
  version: 3.2.3
- name: filebeat
  repository: https://artifactory.galleon.c.statestr.com/artifactory/helm-test-v
  version: 1.7.0
- name: fluentd
  repository: https://artifactory.galleon.c.statestr.com/artifactory/helm-test-v
  version: 1.10.1
- name: fluent-bit
  repository: https://artifactory.galleon.c.statestr.com/artifactory/helm-test-v
  version: 1.10.3
- name: fluentd-elasticsearch
  repository: https://artifactory.galleon.c.statestr.com/artifactory/helm-test-v
  version: 2.0.7
- name: nginx-ldapauth-proxy
  repository: https://artifactory.galleon.c.statestr.com/artifactory/helm-test-v
  version: 0.1.2
- name: elasticsearch-curator
  repository: https://artifactory.galleon.c.statestr.com/artifactory/helm-test-v
  version: 1.5.0
- name: elasticsearch-exporter
  repository: https://artifactory.galleon.c.statestr.com/artifactory/helm-test-v
  version: 1.7.0
digest: sha256:d9baa2da4432bc36257dcd7f003943fd324a13386abe97b5ef77e3923a572267
generated: 2019-08-05T12:41:01.286827511-04:00
